
Microsoft Visual Studio Solution File, Format Version 12.00
# Visual Studio Version 17
VisualStudioVersion = 17.2.32616.157
MinimumVisualStudioVersion = 10.0.40219.1
Project("{9A19103F-16F7-4668-BE54-9A1E7A4F7556}") = "HealthChecks.InfluxDB", "src\HealthChecks.InfluxDB\HealthChecks.InfluxDB.csproj", "{838026DE-179A-4FD9-A1CC-93C90B1C4BB8}"
EndProject
Project("{9A19103F-16F7-4668-BE54-9A1E7A4F7556}") = "HealthChecks.Cassandra", "src\HealthChecks.Cassandra\HealthChecks.Cassandra.csproj", "{15F757D8-A6D8-4B24-AF23-B26DEFD3A7DF}"
EndProject
Project("{9A19103F-16F7-4668-BE54-9A1E7A4F7556}") = "example", "src\example\example.csproj", "{E43692FE-A762-4035-B6D7-1DBE40D7A61F}"
EndProject
Project("{E53339B2-1760-4266-BCC7-CA923CBCF16C}") = "docker-compose", "docker-compose.dcproj", "{86D31BB9-6FFD-4F77-8722-A5CEB2168967}"
EndProject
Project("{2150E333-8FDC-42A3-9474-1A3956D46DE8}") = "docs", "docs", "{78584F50-F5B6-4723-BA2A-B8AEB2D30EB2}"
	ProjectSection(SolutionItems) = preProject
		appveyor.yml = appveyor.yml
		LICENSE = LICENSE
		README.md = README.md
	EndProjectSection
EndProject
Project("{9A19103F-16F7-4668-BE54-9A1E7A4F7556}") = "HealthChecks.IoTDB", "src\HealthChecks.IoTDB\HealthChecks.IoTDB.csproj", "{C40E109C-3B0E-4AAD-8350-7018C472E788}"
EndProject
Project("{9A19103F-16F7-4668-BE54-9A1E7A4F7556}") = "HealthChecks.NTPServer", "src\HealthChecks.NTPServer\HealthChecks.NTPServer.csproj", "{49183943-D498-4F29-B1C8-9FAB0F3454BA}"
EndProject
Project("{9A19103F-16F7-4668-BE54-9A1E7A4F7556}") = "HealthChecks.ClickHouse", "src\HealthChecks.ClickHouse\HealthChecks.ClickHouse.csproj", "{13291139-ABD8-468B-BCF7-9BA6B3057F62}"
EndProject
Global
	GlobalSection(SolutionConfigurationPlatforms) = preSolution
		Debug|Any CPU = Debug|Any CPU
		Release|Any CPU = Release|Any CPU
	EndGlobalSection
	GlobalSection(ProjectConfigurationPlatforms) = postSolution
		{838026DE-179A-4FD9-A1CC-93C90B1C4BB8}.Debug|Any CPU.ActiveCfg = Debug|Any CPU
		{838026DE-179A-4FD9-A1CC-93C90B1C4BB8}.Debug|Any CPU.Build.0 = Debug|Any CPU
		{838026DE-179A-4FD9-A1CC-93C90B1C4BB8}.Release|Any CPU.ActiveCfg = Release|Any CPU
		{838026DE-179A-4FD9-A1CC-93C90B1C4BB8}.Release|Any CPU.Build.0 = Release|Any CPU
		{15F757D8-A6D8-4B24-AF23-B26DEFD3A7DF}.Debug|Any CPU.ActiveCfg = Debug|Any CPU
		{15F757D8-A6D8-4B24-AF23-B26DEFD3A7DF}.Debug|Any CPU.Build.0 = Debug|Any CPU
		{15F757D8-A6D8-4B24-AF23-B26DEFD3A7DF}.Release|Any CPU.ActiveCfg = Release|Any CPU
		{15F757D8-A6D8-4B24-AF23-B26DEFD3A7DF}.Release|Any CPU.Build.0 = Release|Any CPU
		{E43692FE-A762-4035-B6D7-1DBE40D7A61F}.Debug|Any CPU.ActiveCfg = Debug|Any CPU
		{E43692FE-A762-4035-B6D7-1DBE40D7A61F}.Debug|Any CPU.Build.0 = Debug|Any CPU
		{E43692FE-A762-4035-B6D7-1DBE40D7A61F}.Release|Any CPU.ActiveCfg = Release|Any CPU
		{E43692FE-A762-4035-B6D7-1DBE40D7A61F}.Release|Any CPU.Build.0 = Release|Any CPU
		{86D31BB9-6FFD-4F77-8722-A5CEB2168967}.Debug|Any CPU.ActiveCfg = Debug|Any CPU
		{86D31BB9-6FFD-4F77-8722-A5CEB2168967}.Debug|Any CPU.Build.0 = Debug|Any CPU
		{86D31BB9-6FFD-4F77-8722-A5CEB2168967}.Release|Any CPU.ActiveCfg = Release|Any CPU
		{86D31BB9-6FFD-4F77-8722-A5CEB2168967}.Release|Any CPU.Build.0 = Release|Any CPU
		{C40E109C-3B0E-4AAD-8350-7018C472E788}.Debug|Any CPU.ActiveCfg = Debug|Any CPU
		{C40E109C-3B0E-4AAD-8350-7018C472E788}.Debug|Any CPU.Build.0 = Debug|Any CPU
		{C40E109C-3B0E-4AAD-8350-7018C472E788}.Release|Any CPU.ActiveCfg = Release|Any CPU
		{C40E109C-3B0E-4AAD-8350-7018C472E788}.Release|Any CPU.Build.0 = Release|Any CPU
		{49183943-D498-4F29-B1C8-9FAB0F3454BA}.Debug|Any CPU.ActiveCfg = Debug|Any CPU
		{49183943-D498-4F29-B1C8-9FAB0F3454BA}.Debug|Any CPU.Build.0 = Debug|Any CPU
		{49183943-D498-4F29-B1C8-9FAB0F3454BA}.Release|Any CPU.ActiveCfg = Release|Any CPU
		{49183943-D498-4F29-B1C8-9FAB0F3454BA}.Release|Any CPU.Build.0 = Release|Any CPU
		{13291139-ABD8-468B-BCF7-9BA6B3057F62}.Debug|Any CPU.ActiveCfg = Debug|Any CPU
		{13291139-ABD8-468B-BCF7-9BA6B3057F62}.Debug|Any CPU.Build.0 = Debug|Any CPU
		{13291139-ABD8-468B-BCF7-9BA6B3057F62}.Release|Any CPU.ActiveCfg = Release|Any CPU
		{13291139-ABD8-468B-BCF7-9BA6B3057F62}.Release|Any CPU.Build.0 = Release|Any CPU
	EndGlobalSection
	GlobalSection(SolutionProperties) = preSolution
		HideSolutionNode = FALSE
	EndGlobalSection
	GlobalSection(ExtensibilityGlobals) = postSolution
		SolutionGuid = {D64E5B57-832A-40FF-BA2E-D4155E19E1B0}
	EndGlobalSection
EndGlobal
